
Microsoft Visual Studio Solution File, Format Version 12.00
# Visual Studio Version 17
VisualStudioVersion = 17.13.35828.75
MinimumVisualStudioVersion = 10.0.40219.1
Project("{2150E333-8FDC-42A3-9474-1A3956D46DE8}") = "Services", "Services", "{02EA681E-C7D8-13C7-8484-4AC65E1B71E8}"
EndProject
Project("{2150E333-8FDC-42A3-9474-1A3956D46DE8}") = "Catalog", "Catalog", "{B0BEF9CD-C91C-4A5F-820F-515E272BCCD1}"
EndProject
Project("{FAE04EC0-301F-11D3-BF4B-00C04F79EFBC}") = "Catalog.API", "Services\Catalog\Catalog.API\Catalog.API.csproj", "{FC092E3E-2533-4DA0-808D-C4EC12CE44DD}"
EndProject
Project("{2150E333-8FDC-42A3-9474-1A3956D46DE8}") = "Common", "Common", "{CEAB84DB-FF19-44A4-A9DC-90F4F29D0186}"
EndProject
Project("{FAE04EC0-301F-11D3-BF4B-00C04F79EFBC}") = "CommonConcerns", "Common\CommonConcerns\CommonConcerns.csproj", "{2D85DA66-D238-4E4D-80B1-9B3EF0E748CD}"
EndProject
Project("{E53339B2-1760-4266-BCC7-CA923CBCF16C}") = "docker-compose", "docker-compose.dcproj", "{81DDED9D-158B-E303-5F62-77A2896D2A5A}"
EndProject
Project("{2150E333-8FDC-42A3-9474-1A3956D46DE8}") = "Ordering", "Ordering", "{D21014A7-2CB9-40D0-BCA8-7FE350D3AA6F}"
EndProject
Project("{FAE04EC0-301F-11D3-BF4B-00C04F79EFBC}") = "Order.API", "Services\User\User.API\Order.API.csproj", "{CAAEE8A1-2FEA-4B6B-AD24-D60516718C30}"
EndProject
Project("{2150E333-8FDC-42A3-9474-1A3956D46DE8}") = "ApiGateway", "ApiGateway", "{8E77919C-44CC-4393-AE54-0B844F7B5748}"
EndProject
Project("{FAE04EC0-301F-11D3-BF4B-00C04F79EFBC}") = "YarpApiGateway", "ApiGateway\YarpApiGateway\YarpApiGateway.csproj", "{0E1AEA00-7959-4540-9DE9-D9C455926685}"
EndProject
Project("{2150E333-8FDC-42A3-9474-1A3956D46DE8}") = "Chatting", "Chatting", "{F3831065-AC05-4EE2-BFD4-45A909D44D99}"
EndProject
Project("{FAE04EC0-301F-11D3-BF4B-00C04F79EFBC}") = "Chat.API", "Services\Chatting\Chat.API\Chat.API.csproj", "{13327B0F-9C5A-4BD7-876D-C2A587EB162C}"
EndProject
Global
	GlobalSection(SolutionConfigurationPlatforms) = preSolution
		Debug|Any CPU = Debug|Any CPU
		Release|Any CPU = Release|Any CPU
	EndGlobalSection
	GlobalSection(ProjectConfigurationPlatforms) = postSolution
		{FC092E3E-2533-4DA0-808D-C4EC12CE44DD}.Debug|Any CPU.ActiveCfg = Debug|Any CPU
		{FC092E3E-2533-4DA0-808D-C4EC12CE44DD}.Debug|Any CPU.Build.0 = Debug|Any CPU
		{FC092E3E-2533-4DA0-808D-C4EC12CE44DD}.Release|Any CPU.ActiveCfg = Release|Any CPU
		{FC092E3E-2533-4DA0-808D-C4EC12CE44DD}.Release|Any CPU.Build.0 = Release|Any CPU
		{2D85DA66-D238-4E4D-80B1-9B3EF0E748CD}.Debug|Any CPU.ActiveCfg = Debug|Any CPU
		{2D85DA66-D238-4E4D-80B1-9B3EF0E748CD}.Debug|Any CPU.Build.0 = Debug|Any CPU
		{2D85DA66-D238-4E4D-80B1-9B3EF0E748CD}.Release|Any CPU.ActiveCfg = Release|Any CPU
		{2D85DA66-D238-4E4D-80B1-9B3EF0E748CD}.Release|Any CPU.Build.0 = Release|Any CPU
		{81DDED9D-158B-E303-5F62-77A2896D2A5A}.Debug|Any CPU.ActiveCfg = Debug|Any CPU
		{81DDED9D-158B-E303-5F62-77A2896D2A5A}.Debug|Any CPU.Build.0 = Debug|Any CPU
		{81DDED9D-158B-E303-5F62-77A2896D2A5A}.Release|Any CPU.ActiveCfg = Release|Any CPU
		{81DDED9D-158B-E303-5F62-77A2896D2A5A}.Release|Any CPU.Build.0 = Release|Any CPU
		{CAAEE8A1-2FEA-4B6B-AD24-D60516718C30}.Debug|Any CPU.ActiveCfg = Debug|Any CPU
		{CAAEE8A1-2FEA-4B6B-AD24-D60516718C30}.Debug|Any CPU.Build.0 = Debug|Any CPU
		{CAAEE8A1-2FEA-4B6B-AD24-D60516718C30}.Release|Any CPU.ActiveCfg = Release|Any CPU
		{CAAEE8A1-2FEA-4B6B-AD24-D60516718C30}.Release|Any CPU.Build.0 = Release|Any CPU
		{0E1AEA00-7959-4540-9DE9-D9C455926685}.Debug|Any CPU.ActiveCfg = Debug|Any CPU
		{0E1AEA00-7959-4540-9DE9-D9C455926685}.Debug|Any CPU.Build.0 = Debug|Any CPU
		{0E1AEA00-7959-4540-9DE9-D9C455926685}.Release|Any CPU.ActiveCfg = Release|Any CPU
		{0E1AEA00-7959-4540-9DE9-D9C455926685}.Release|Any CPU.Build.0 = Release|Any CPU
		{13327B0F-9C5A-4BD7-876D-C2A587EB162C}.Debug|Any CPU.ActiveCfg = Debug|Any CPU
		{13327B0F-9C5A-4BD7-876D-C2A587EB162C}.Debug|Any CPU.Build.0 = Debug|Any CPU
		{13327B0F-9C5A-4BD7-876D-C2A587EB162C}.Release|Any CPU.ActiveCfg = Release|Any CPU
		{13327B0F-9C5A-4BD7-876D-C2A587EB162C}.Release|Any CPU.Build.0 = Release|Any CPU
	EndGlobalSection
	GlobalSection(SolutionProperties) = preSolution
		HideSolutionNode = FALSE
	EndGlobalSection
	GlobalSection(NestedProjects) = preSolution
		{B0BEF9CD-C91C-4A5F-820F-515E272BCCD1} = {02EA681E-C7D8-13C7-8484-4AC65E1B71E8}
		{FC092E3E-2533-4DA0-808D-C4EC12CE44DD} = {B0BEF9CD-C91C-4A5F-820F-515E272BCCD1}
		{2D85DA66-D238-4E4D-80B1-9B3EF0E748CD} = {CEAB84DB-FF19-44A4-A9DC-90F4F29D0186}
		{D21014A7-2CB9-40D0-BCA8-7FE350D3AA6F} = {02EA681E-C7D8-13C7-8484-4AC65E1B71E8}
		{CAAEE8A1-2FEA-4B6B-AD24-D60516718C30} = {D21014A7-2CB9-40D0-BCA8-7FE350D3AA6F}
		{0E1AEA00-7959-4540-9DE9-D9C455926685} = {8E77919C-44CC-4393-AE54-0B844F7B5748}
		{F3831065-AC05-4EE2-BFD4-45A909D44D99} = {02EA681E-C7D8-13C7-8484-4AC65E1B71E8}
		{13327B0F-9C5A-4BD7-876D-C2A587EB162C} = {F3831065-AC05-4EE2-BFD4-45A909D44D99}
	EndGlobalSection
	GlobalSection(ExtensibilityGlobals) = postSolution
		SolutionGuid = {7B7C02D1-63A8-4E3E-B70C-C700708A676C}
	EndGlobalSection
EndGlobal
